
Microsoft Visual Studio Solution File, Format Version 12.00
# Visual Studio Version 17
VisualStudioVersion = 17.7.34202.233
MinimumVisualStudioVersion = 10.0.40219.1
Project("{2150E333-8FDC-42A3-9474-1A3956D46DE8}") = "Tests", "Tests", "{B1A94168-4C0D-48ED-8C8C-10A3260868FE}"
EndProject
Project("{9A19103F-16F7-4668-BE54-9A1E7A4F7556}") = "EShop.Catalog.WebApi", "EShop.Catalog.WebApi\EShop.Catalog.WebApi.csproj", "{0DF0A604-D6A6-44C5-BDF8-9092F76EE696}"
EndProject
Project("{9A19103F-16F7-4668-BE54-9A1E7A4F7556}") = "EShop.Catalog.Infrastructure", "EShop.Catalog.Infrastructure\EShop.Catalog.Infrastructure.csproj", "{38870446-6E6E-4CDC-AEDA-A04992E33D8D}"
EndProject
Project("{9A19103F-16F7-4668-BE54-9A1E7A4F7556}") = "EShop.Catalog.Domain", "EShop.Catalog.Domain\EShop.Catalog.Domain.csproj", "{F5C3B2CC-A01E-415D-9F61-530EA63DA10C}"
EndProject
Project("{9A19103F-16F7-4668-BE54-9A1E7A4F7556}") = "EShop.Catalog.Application", "EShop.Catalog.Application\EShop.Catalog.Application.csproj", "{C9A4BA81-1732-444D-9945-E1B222E86CF1}"
EndProject
Global
	GlobalSection(SolutionConfigurationPlatforms) = preSolution
		Debug|Any CPU = Debug|Any CPU
		Release|Any CPU = Release|Any CPU
	EndGlobalSection
	GlobalSection(ProjectConfigurationPlatforms) = postSolution
		{0DF0A604-D6A6-44C5-BDF8-9092F76EE696}.Debug|Any CPU.ActiveCfg = Debug|Any CPU
		{0DF0A604-D6A6-44C5-BDF8-9092F76EE696}.Debug|Any CPU.Build.0 = Debug|Any CPU
		{0DF0A604-D6A6-44C5-BDF8-9092F76EE696}.Release|Any CPU.ActiveCfg = Release|Any CPU
		{0DF0A604-D6A6-44C5-BDF8-9092F76EE696}.Release|Any CPU.Build.0 = Release|Any CPU
		{38870446-6E6E-4CDC-AEDA-A04992E33D8D}.Debug|Any CPU.ActiveCfg = Debug|Any CPU
		{38870446-6E6E-4CDC-AEDA-A04992E33D8D}.Debug|Any CPU.Build.0 = Debug|Any CPU
		{38870446-6E6E-4CDC-AEDA-A04992E33D8D}.Release|Any CPU.ActiveCfg = Release|Any CPU
		{38870446-6E6E-4CDC-AEDA-A04992E33D8D}.Release|Any CPU.Build.0 = Release|Any CPU
		{F5C3B2CC-A01E-415D-9F61-530EA63DA10C}.Debug|Any CPU.ActiveCfg = Debug|Any CPU
		{F5C3B2CC-A01E-415D-9F61-530EA63DA10C}.Debug|Any CPU.Build.0 = Debug|Any CPU
		{F5C3B2CC-A01E-415D-9F61-530EA63DA10C}.Release|Any CPU.ActiveCfg = Release|Any CPU
		{F5C3B2CC-A01E-415D-9F61-530EA63DA10C}.Release|Any CPU.Build.0 = Release|Any CPU
		{C9A4BA81-1732-444D-9945-E1B222E86CF1}.Debug|Any CPU.ActiveCfg = Debug|Any CPU
		{C9A4BA81-1732-444D-9945-E1B222E86CF1}.Debug|Any CPU.Build.0 = Debug|Any CPU
		{C9A4BA81-1732-444D-9945-E1B222E86CF1}.Release|Any CPU.ActiveCfg = Release|Any CPU
		{C9A4BA81-1732-444D-9945-E1B222E86CF1}.Release|Any CPU.Build.0 = Release|Any CPU
	EndGlobalSection
	GlobalSection(SolutionProperties) = preSolution
		HideSolutionNode = FALSE
	EndGlobalSection
	GlobalSection(ExtensibilityGlobals) = postSolution
		SolutionGuid = {E812BC0B-F190-4BAA-BDFF-971032328CF8}
	EndGlobalSection
EndGlobal
